dependencies:
- name: ingress-nginx
  repository: https://kubernetes.github.io/ingress-nginx
  version: 4.10.1
- name: role-manager
  repository: file://../role_manager
  version: 0.1.0
- name: document-manager
  repository: file://../document_manager
  version: 0.1.0
- name: embeddings
  repository: file://../embeddings
  version: 0.1.0
digest: sha256:e1cf6165d076726da71494351531e8908aca1a1c1a746aaf11c71cc36ebba5bc
generated: "2024-07-01T19:32:10.710169155-03:00"
