dependencies:
- name: document-manager
  repository: file://charts/document-manager
  version: 0.1.0
- name: api-gateway
  repository: file://charts/api-gateway
  version: 0.1.0
- name: embeddings
  repository: file://charts/embeddings
  version: 0.1.0
- name: role-manager
  repository: file://charts/role-manager
  version: 0.1.0
- name: chats
  repository: file://charts/chats
  version: 0.1.0
- name: message-history
  repository: file://charts/message-history
  version: 0.1.0
- name: llm-manager
  repository: file://charts/llm-manager
  version: 0.1.0
- name: rabbitmq
  repository: file://charts/rabbitmq
  version: 0.1.0
digest: sha256:f9fec7a2ead4a6a0f8884005181880b9a8e7e23dd9028d3cc49f76e5a73f16c5
generated: "2024-07-31T10:13:31.984963403-03:00"
