dependencies:
- name: document-manager
  repository: file://charts/document-manager
  version: 0.1.0
- name: api-gateway
  repository: file://charts/api-gateway
  version: 0.1.0
- name: embeddings
  repository: file://charts/embeddings
  version: 0.1.0
- name: role-manager
  repository: file://charts/role-manager
  version: 0.1.0
- name: chats
  repository: file://charts/chats
  version: 0.1.0
- name: message-history
  repository: file://charts/message-history
  version: 0.1.0
- name: rabbitmq
  repository: file://charts/rabbitmq
  version: 0.1.0
digest: sha256:ce9e0150b9744565fbbf22596f905bbbba559b9613da51c66f0af4e3e68eecbb
generated: "2024-07-29T21:35:29.732603613-03:00"
