dependencies:
- name: ingress-nginx
  repository: https://kubernetes.github.io/ingress-nginx
  version: 4.10.1
- name: document-manager
  repository: file://charts/document-manager
  version: 0.1.0
- name: api-gateway
  repository: file://charts/api-gateway
  version: 0.1.0
- name: embeddings
  repository: file://charts/embeddings
  version: 0.1.0
- name: role-manager
  repository: file://charts/role-manager
  version: 0.1.0
- name: chats
  repository: file://charts/chats
  version: 0.1.0
- name: message-history
  repository: file://charts/message-history
  version: 0.1.0
- name: llm-manager
  repository: file://charts/llm-manager
  version: 0.1.0
- name: rabbitmq
  repository: file://charts/rabbitmq
  version: 0.1.0
digest: sha256:002a4f463edfba8e25558f9b5413b778903dd01ae590aa433d4b573ef261569c
generated: "2024-07-30T16:09:01.408128357-03:00"
